{
    "_readme": [
        "This file locks the dependencies of your project to a known state",
        "Read more about it at https://getcomposer.org/doc/01-basic-usage.md#installing-dependencies",
        "This file is @generated automatically"
    ],
    "content-hash": "9337b067c1fc3f6a7b49fcd933071f09",
    "packages": [
        {
            "name": "acme/app-framework",
            "version": "1.0.0",
            "dist": {
                "type": "zip",
                "url": "https://example.invalid/acme-app-framework-1.0.0.zip",
                "reference": "1.0.0"
            },
            "require": {
                "acme/helper": "^1.0",
                "acme/vuln-lib": "~1.0.0"
            },
            "type": "library"
        },
        {
            "name": "acme/helper",
            "version": "1.1.0",
            "dist": {
                "type": "zip",
                "url": "https://example.invalid/acme-helper-1.1.0.zip",
                "reference": "1.1.0"
            },
            "type": "library"
        },
        {
            "name": "acme/vuln-lib",
            "version": "1.0.1",
            "dist": {
                "type": "zip",
                "url": "https://example.invalid/acme-vuln-lib-1.0.1.zip",
                "reference": "1.0.1"
            },
            "type": "library"
        }
    ],
    "packages-dev": [],
    "aliases": [],
    "minimum-stability": "stable",
    "stability-flags": {},
    "prefer-stable": true,
    "prefer-lowest": false,
    "platform": {},
    "platform-dev": {},
    "platform-overrides": {
        "php": "8.3.0"
    },
    "plugin-api-version": "2.9.0"
}
